
Microsoft Visual Studio Solution File, Format Version 12.00
# Visual Studio Version 17
VisualStudioVersion = 17.9.34622.214
MinimumVisualStudioVersion = 10.0.40219.1
Project("{FAE04EC0-301F-11D3-BF4B-00C04F79EFBC}") = "simple_code_task1", "simple_code_task1.csproj", "{74933C5A-88A5-4791-972E-3DF1577B7194}"
EndProject
Global
	GlobalSection(SolutionConfigurationPlatforms) = preSolution
		Debug|Any CPU = Debug|Any CPU
		Release|Any CPU = Release|Any CPU
	EndGlobalSection
	GlobalSection(ProjectConfigurationPlatforms) = postSolution
		{74933C5A-88A5-4791-972E-3DF1577B7194}.Debug|Any CPU.ActiveCfg = Debug|Any CPU
		{74933C5A-88A5-4791-972E-3DF1577B7194}.Debug|Any CPU.Build.0 = Debug|Any CPU
		{74933C5A-88A5-4791-972E-3DF1577B7194}.Release|Any CPU.ActiveCfg = Release|Any CPU
		{74933C5A-88A5-4791-972E-3DF1577B7194}.Release|Any CPU.Build.0 = Release|Any CPU
	EndGlobalSection
	GlobalSection(SolutionProperties) = preSolution
		HideSolutionNode = FALSE
	EndGlobalSection
	GlobalSection(ExtensibilityGlobals) = postSolution
		SolutionGuid = {4B68EC05-77E3-4BC4-80E7-86C56E319075}
	EndGlobalSection
EndGlobal
